// !$*UTF8*$!
{
	archiveVersion = 1;
	classes = {
	};
	objectVersion = 56;
	objects = {

/* Begin PBXBuildFile section */
		6E61DF292A979BFC008205D0 /* MainTabBarController.swift in Sources */ = {isa = PBXBuildFile; fileRef = 6E61DF282A979BFC008205D0 /* MainTabBarController.swift */; };
		6E61DF2B2A97A824008205D0 /* SearchTableViewController.swift in Sources */ = {isa = PBXBuildFile; fileRef = 6E61DF2A2A97A824008205D0 /* SearchTableViewController.swift */; };
		6E61DF2E2A97AB07008205D0 /* Podcast.swift in Sources */ = {isa = PBXBuildFile; fileRef = 6E61DF2D2A97AB07008205D0 /* Podcast.swift */; };
		6E65F4BA2A9E801B00E9A159 /* PodcastTableHeaderView.swift in Sources */ = {isa = PBXBuildFile; fileRef = 6E65F4B92A9E801B00E9A159 /* PodcastTableHeaderView.swift */; };
		6E65F51D2AA09DBF00E9A159 /* EpisodePlayerView.swift in Sources */ = {isa = PBXBuildFile; fileRef = 6E65F51C2AA09DBF00E9A159 /* EpisodePlayerView.swift */; };
		6E65F51F2AA09DCE00E9A159 /* EpisodePlayerView.xib in Resources */ = {isa = PBXBuildFile; fileRef = 6E65F51E2AA09DCE00E9A159 /* EpisodePlayerView.xib */; };
		6E65F5482AA139C000E9A159 /* CMTime+Extensions.swift in Sources */ = {isa = PBXBuildFile; fileRef = 6E65F5472AA139C000E9A159 /* CMTime+Extensions.swift */; };
		6E65F54C2AA1F9C100E9A159 /* FollowingCollectionViewController.swift in Sources */ = {isa = PBXBuildFile; fileRef = 6E65F54B2AA1F9C100E9A159 /* FollowingCollectionViewController.swift */; };
		6E73F8CE2A974B1300DCAC44 /* AppDelegate.swift in Sources */ = {isa = PBXBuildFile; fileRef = 6E73F8CD2A974B1300DCAC44 /* AppDelegate.swift */; };
		6E73F8D02A974B1300DCAC44 /* SceneDelegate.swift in Sources */ = {isa = PBXBuildFile; fileRef = 6E73F8CF2A974B1300DCAC44 /* SceneDelegate.swift */; };
		6E73F8D22A974B1300DCAC44 /* ViewController.swift in Sources */ = {isa = PBXBuildFile; fileRef = 6E73F8D12A974B1300DCAC44 /* ViewController.swift */; };
		6E73F8D52A974B1300DCAC44 /* Main.storyboard in Resources */ = {isa = PBXBuildFile; fileRef = 6E73F8D32A974B1300DCAC44 /* Main.storyboard */; };
		6E73F8D72A974B1400DCAC44 /* Assets.xcassets in Resources */ = {isa = PBXBuildFile; fileRef = 6E73F8D62A974B1400DCAC44 /* Assets.xcassets */; };
		6E73F8DA2A974B1400DCAC44 /* LaunchScreen.storyboard in Resources */ = {isa = PBXBuildFile; fileRef = 6E73F8D82A974B1400DCAC44 /* LaunchScreen.storyboard */; };
		6EE60ABF2A97C876006C9DAE /* Alamofire in Frameworks */ = {isa = PBXBuildFile; productRef = 6EE60ABE2A97C876006C9DAE /* Alamofire */; };
		6EE60AC12A988A19006C9DAE /* SearchResult.swift in Sources */ = {isa = PBXBuildFile; fileRef = 6EE60AC02A988A19006C9DAE /* SearchResult.swift */; };
		6EE60AC52A989149006C9DAE /* iTunesService.swift in Sources */ = {isa = PBXBuildFile; fileRef = 6EE60AC42A989149006C9DAE /* iTunesService.swift */; };
		6EE60AC72A9891FE006C9DAE /* APIManager.swift in Sources */ = {isa = PBXBuildFile; fileRef = 6EE60AC62A9891FE006C9DAE /* APIManager.swift */; };
		6EE60ACC2A989B1A006C9DAE /* PodcastSearchTableViewCell.swift in Sources */ = {isa = PBXBuildFile; fileRef = 6EE60ACA2A989B1A006C9DAE /* PodcastSearchTableViewCell.swift */; };
		6EE60ACD2A989B1A006C9DAE /* PodcastSearchTableViewCell.xib in Resources */ = {isa = PBXBuildFile; fileRef = 6EE60ACB2A989B1A006C9DAE /* PodcastSearchTableViewCell.xib */; };
		6EE60AD02A9B9F28006C9DAE /* SDWebImage in Frameworks */ = {isa = PBXBuildFile; productRef = 6EE60ACF2A9B9F28006C9DAE /* SDWebImage */; };
		6EE60AD22A9C8B9C006C9DAE /* PodcastEpisodesTableViewController.swift in Sources */ = {isa = PBXBuildFile; fileRef = 6EE60AD12A9C8B9C006C9DAE /* PodcastEpisodesTableViewController.swift */; };
		6EE60AD42A9C8CE9006C9DAE /* Episode.swift in Sources */ = {isa = PBXBuildFile; fileRef = 6EE60AD32A9C8CE9006C9DAE /* Episode.swift */; };
		6EED341F2A9D298500000212 /* FeedKit in Frameworks */ = {isa = PBXBuildFile; productRef = 6EED341E2A9D298500000212 /* FeedKit */; };
		6EED34232A9D36CD00000212 /* PodcastEpisodeTableViewCell.swift in Sources */ = {isa = PBXBuildFile; fileRef = 6EED34212A9D36CD00000212 /* PodcastEpisodeTableViewCell.swift */; };
		6EED34242A9D36CD00000212 /* PodcastEpisodeTableViewCell.xib in Resources */ = {isa = PBXBuildFile; fileRef = 6EED34222A9D36CD00000212 /* PodcastEpisodeTableViewCell.xib */; };
/* End PBXBuildFile section */

/* Begin PBXFileReference section */
		6E61DF282A979BFC008205D0 /* MainTabBarController.swift */ = {isa = PBXFileReference; lastKnownFileType = sourcecode.swift; path = MainTabBarController.swift; sourceTree = "<group>"; };
		6E61DF2A2A97A824008205D0 /* SearchTableViewController.swift */ = {isa = PBXFileReference; lastKnownFileType = sourcecode.swift; path = SearchTableViewController.swift; sourceTree = "<group>"; };
		6E61DF2D2A97AB07008205D0 /* Podcast.swift */ = {isa = PBXFileReference; lastKnownFileType = sourcecode.swift; path = Podcast.swift; sourceTree = "<group>"; };
		6E65F4B92A9E801B00E9A159 /* PodcastTableHeaderView.swift */ = {isa = PBXFileReference; lastKnownFileType = sourcecode.swift; path = PodcastTableHeaderView.swift; sourceTree = "<group>"; };
		6E65F51C2AA09DBF00E9A159 /* EpisodePlayerView.swift */ = {isa = PBXFileReference; lastKnownFileType = sourcecode.swift; path = EpisodePlayerView.swift; sourceTree = "<group>"; };
		6E65F51E2AA09DCE00E9A159 /* EpisodePlayerView.xib */ = {isa = PBXFileReference; lastKnownFileType = file.xib; path = EpisodePlayerView.xib; sourceTree = "<group>"; };
		6E65F5472AA139C000E9A159 /* CMTime+Extensions.swift */ = {isa = PBXFileReference; lastKnownFileType = sourcecode.swift; path = "CMTime+Extensions.swift"; sourceTree = "<group>"; };
		6E65F54B2AA1F9C100E9A159 /* FollowingCollectionViewController.swift */ = {isa = PBXFileReference; lastKnownFileType = sourcecode.swift; path = FollowingCollectionViewController.swift; sourceTree = "<group>"; };
		6E73F8CA2A974B1300DCAC44 /* Polymath.app */ = {isa = PBXFileReference; explicitFileType = wrapper.application; includeInIndex = 0; path = Polymath.app; sourceTree = BUILT_PRODUCTS_DIR; };
		6E73F8CD2A974B1300DCAC44 /* AppDelegate.swift */ = {isa = PBXFileReference; lastKnownFileType = sourcecode.swift; path = AppDelegate.swift; sourceTree = "<group>"; };
		6E73F8CF2A974B1300DCAC44 /* SceneDelegate.swift */ = {isa = PBXFileReference; lastKnownFileType = sourcecode.swift; path = SceneDelegate.swift; sourceTree = "<group>"; };
		6E73F8D12A974B1300DCAC44 /* ViewController.swift */ = {isa = PBXFileReference; lastKnownFileType = sourcecode.swift; path = ViewController.swift; sourceTree = "<group>"; };
		6E73F8D42A974B1300DCAC44 /* Base */ = {isa = PBXFileReference; lastKnownFileType = file.storyboard; name = Base; path = Base.lproj/Main.storyboard; sourceTree = "<group>"; };
		6E73F8D62A974B1400DCAC44 /* Assets.xcassets */ = {isa = PBXFileReference; lastKnownFileType = folder.assetcatalog; path = Assets.xcassets; sourceTree = "<group>"; };
		6E73F8D92A974B1400DCAC44 /* Base */ = {isa = PBXFileReference; lastKnownFileType = file.storyboard; name = Base; path = Base.lproj/LaunchScreen.storyboard; sourceTree = "<group>"; };
		6E73F8DB2A974B1400DCAC44 /* Info.plist */ = {isa = PBXFileReference; lastKnownFileType = text.plist.xml; path = Info.plist; sourceTree = "<group>"; };
		6EE60AC02A988A19006C9DAE /* SearchResult.swift */ = {isa = PBXFileReference; lastKnownFileType = sourcecode.swift; path = SearchResult.swift; sourceTree = "<group>"; };
		6EE60AC42A989149006C9DAE /* iTunesService.swift */ = {isa = PBXFileReference; lastKnownFileType = sourcecode.swift; path = iTunesService.swift; sourceTree = "<group>"; };
		6EE60AC62A9891FE006C9DAE /* APIManager.swift */ = {isa = PBXFileReference; lastKnownFileType = sourcecode.swift; path = APIManager.swift; sourceTree = "<group>"; };
		6EE60ACA2A989B1A006C9DAE /* PodcastSearchTableViewCell.swift */ = {isa = PBXFileReference; lastKnownFileType = sourcecode.swift; path = PodcastSearchTableViewCell.swift; sourceTree = "<group>"; };
		6EE60ACB2A989B1A006C9DAE /* PodcastSearchTableViewCell.xib */ = {isa = PBXFileReference; lastKnownFileType = file.xib; path = PodcastSearchTableViewCell.xib; sourceTree = "<group>"; };
		6EE60AD12A9C8B9C006C9DAE /* PodcastEpisodesTableViewController.swift */ = {isa = PBXFileReference; lastKnownFileType = sourcecode.swift; path = PodcastEpisodesTableViewController.swift; sourceTree = "<group>"; };
		6EE60AD32A9C8CE9006C9DAE /* Episode.swift */ = {isa = PBXFileReference; lastKnownFileType = sourcecode.swift; path = Episode.swift; sourceTree = "<group>"; };
		6EED34212A9D36CD00000212 /* PodcastEpisodeTableViewCell.swift */ = {isa = PBXFileReference; lastKnownFileType = sourcecode.swift; path = PodcastEpisodeTableViewCell.swift; sourceTree = "<group>"; };
		6EED34222A9D36CD00000212 /* PodcastEpisodeTableViewCell.xib */ = {isa = PBXFileReference; lastKnownFileType = file.xib; path = PodcastEpisodeTableViewCell.xib; sourceTree = "<group>"; };
/* End PBXFileReference section */

/* Begin PBXFrameworksBuildPhase section */
		6E73F8C72A974B1300DCAC44 /* Frameworks */ = {
			isa = PBXFrameworksBuildPhase;
			buildActionMask = 2147483647;
			files = (
				6EED341F2A9D298500000212 /* FeedKit in Frameworks */,
				6EE60AD02A9B9F28006C9DAE /* SDWebImage in Frameworks */,
				6EE60ABF2A97C876006C9DAE /* Alamofire in Frameworks */,
			);
			runOnlyForDeploymentPostprocessing = 0;
		};
/* End PBXFrameworksBuildPhase section */

/* Begin PBXGroup section */
		6E61DF272A979BD9008205D0 /* Controllers */ = {
			isa = PBXGroup;
			children = (
				6E61DF282A979BFC008205D0 /* MainTabBarController.swift */,
				6E61DF2A2A97A824008205D0 /* SearchTableViewController.swift */,
				6EE60AD12A9C8B9C006C9DAE /* PodcastEpisodesTableViewController.swift */,
				6E65F54B2AA1F9C100E9A159 /* FollowingCollectionViewController.swift */,
			);
			path = Controllers;
			sourceTree = "<group>";
		};
		6E61DF2C2A97AAFE008205D0 /* Models */ = {
			isa = PBXGroup;
			children = (
				6E61DF2D2A97AB07008205D0 /* Podcast.swift */,
				6EE60AC02A988A19006C9DAE /* SearchResult.swift */,
				6EE60AD32A9C8CE9006C9DAE /* Episode.swift */,
			);
			path = Models;
			sourceTree = "<group>";
		};
		6E65F51B2AA09DA600E9A159 /* Episode Player */ = {
			isa = PBXGroup;
			children = (
				6E65F51C2AA09DBF00E9A159 /* EpisodePlayerView.swift */,
				6E65F51E2AA09DCE00E9A159 /* EpisodePlayerView.xib */,
			);
			path = "Episode Player";
			sourceTree = "<group>";
		};
		6E65F5462AA139B100E9A159 /* Extensions */ = {
			isa = PBXGroup;
			children = (
				6E65F5472AA139C000E9A159 /* CMTime+Extensions.swift */,
			);
			path = Extensions;
			sourceTree = "<group>";
		};
		6E73F8C12A974B1300DCAC44 = {
			isa = PBXGroup;
			children = (
				6E73F8CC2A974B1300DCAC44 /* Polymath */,
				6E73F8CB2A974B1300DCAC44 /* Products */,
			);
			sourceTree = "<group>";
		};
		6E73F8CB2A974B1300DCAC44 /* Products */ = {
			isa = PBXGroup;
			children = (
				6E73F8CA2A974B1300DCAC44 /* Polymath.app */,
			);
			name = Products;
			sourceTree = "<group>";
		};
		6E73F8CC2A974B1300DCAC44 /* Polymath */ = {
			isa = PBXGroup;
			children = (
				6E73F8CD2A974B1300DCAC44 /* AppDelegate.swift */,
				6E73F8CF2A974B1300DCAC44 /* SceneDelegate.swift */,
				6E73F8D12A974B1300DCAC44 /* ViewController.swift */,
				6E73F8D32A974B1300DCAC44 /* Main.storyboard */,
				6E73F8D62A974B1400DCAC44 /* Assets.xcassets */,
				6E73F8D82A974B1400DCAC44 /* LaunchScreen.storyboard */,
				6E73F8DB2A974B1400DCAC44 /* Info.plist */,
				6E65F5462AA139B100E9A159 /* Extensions */,
				6EE60AC22A989134006C9DAE /* Services */,
				6EE60AC32A989139006C9DAE /* Managers */,
				6E61DF2C2A97AAFE008205D0 /* Models */,
				6EE60AC82A989ADD006C9DAE /* Views */,
				6E61DF272A979BD9008205D0 /* Controllers */,
			);
			path = Polymath;
			sourceTree = "<group>";
		};
		6EE60AC22A989134006C9DAE /* Services */ = {
			isa = PBXGroup;
			children = (
				6EE60AC42A989149006C9DAE /* iTunesService.swift */,
			);
			path = Services;
			sourceTree = "<group>";
		};
		6EE60AC32A989139006C9DAE /* Managers */ = {
			isa = PBXGroup;
			children = (
				6EE60AC62A9891FE006C9DAE /* APIManager.swift */,
			);
			path = Managers;
			sourceTree = "<group>";
		};
		6EE60AC82A989ADD006C9DAE /* Views */ = {
			isa = PBXGroup;
			children = (
				6E65F4B92A9E801B00E9A159 /* PodcastTableHeaderView.swift */,
				6E65F51B2AA09DA600E9A159 /* Episode Player */,
				6EED34202A9D36AD00000212 /* Podcast Episode Cell */,
				6EE60AC92A989AEC006C9DAE /* Podcast Search Cell */,
			);
			path = Views;
			sourceTree = "<group>";
		};
		6EE60AC92A989AEC006C9DAE /* Podcast Search Cell */ = {
			isa = PBXGroup;
			children = (
				6EE60ACA2A989B1A006C9DAE /* PodcastSearchTableViewCell.swift */,
				6EE60ACB2A989B1A006C9DAE /* PodcastSearchTableViewCell.xib */,
			);
			path = "Podcast Search Cell";
			sourceTree = "<group>";
		};
		6EED34202A9D36AD00000212 /* Podcast Episode Cell */ = {
			isa = PBXGroup;
			children = (
				6EED34212A9D36CD00000212 /* PodcastEpisodeTableViewCell.swift */,
				6EED34222A9D36CD00000212 /* PodcastEpisodeTableViewCell.xib */,
			);
			path = "Podcast Episode Cell";
			sourceTree = "<group>";
		};
/* End PBXGroup section */

/* Begin PBXNativeTarget section */
		6E73F8C92A974B1300DCAC44 /* Polymath */ = {
			isa = PBXNativeTarget;
			buildConfigurationList = 6E73F8DE2A974B1400DCAC44 /* Build configuration list for PBXNativeTarget "Polymath" */;
			buildPhases = (
				6E73F8C62A974B1300DCAC44 /* Sources */,
				6E73F8C72A974B1300DCAC44 /* Frameworks */,
				6E73F8C82A974B1300DCAC44 /* Resources */,
			);
			buildRules = (
			);
			dependencies = (
			);
			name = Polymath;
			packageProductDependencies = (
				6EE60ABE2A97C876006C9DAE /* Alamofire */,
				6EE60ACF2A9B9F28006C9DAE /* SDWebImage */,
				6EED341E2A9D298500000212 /* FeedKit */,
			);
			productName = Polymath;
			productReference = 6E73F8CA2A974B1300DCAC44 /* Polymath.app */;
			productType = "com.apple.product-type.application";
		};
/* End PBXNativeTarget section */

/* Begin PBXProject section */
		6E73F8C22A974B1300DCAC44 /* Project object */ = {
			isa = PBXProject;
			attributes = {
				BuildIndependentTargetsInParallel = 1;
				LastSwiftUpdateCheck = 1430;
				LastUpgradeCheck = 1430;
				TargetAttributes = {
					6E73F8C92A974B1300DCAC44 = {
						CreatedOnToolsVersion = 14.3.1;
					};
				};
			};
			buildConfigurationList = 6E73F8C52A974B1300DCAC44 /* Build configuration list for PBXProject "Polymath" */;
			compatibilityVersion = "Xcode 14.0";
			developmentRegion = en;
			hasScannedForEncodings = 0;
			knownRegions = (
				en,
				Base,
			);
			mainGroup = 6E73F8C12A974B1300DCAC44;
			packageReferences = (
				6EE60ABD2A97C876006C9DAE /* XCRemoteSwiftPackageReference "Alamofire" */,
				6EE60ACE2A9B9F28006C9DAE /* XCRemoteSwiftPackageReference "SDWebImage" */,
				6EED341D2A9D298500000212 /* XCRemoteSwiftPackageReference "FeedKit" */,
			);
			productRefGroup = 6E73F8CB2A974B1300DCAC44 /* Products */;
			projectDirPath = "";
			projectRoot = "";
			targets = (
				6E73F8C92A974B1300DCAC44 /* Polymath */,
			);
		};
/* End PBXProject section */

/* Begin PBXResourcesBuildPhase section */
		6E73F8C82A974B1300DCAC44 /* Resources */ = {
			isa = PBXResourcesBuildPhase;
			buildActionMask = 2147483647;
			files = (
				6E73F8DA2A974B1400DCAC44 /* LaunchScreen.storyboard in Resources */,
				6E65F51F2AA09DCE00E9A159 /* EpisodePlayerView.xib in Resources */,
				6E73F8D72A974B1400DCAC44 /* Assets.xcassets in Resources */,
				6EE60ACD2A989B1A006C9DAE /* PodcastSearchTableViewCell.xib in Resources */,
				6E73F8D52A974B1300DCAC44 /* Main.storyboard in Resources */,
				6EED34242A9D36CD00000212 /* PodcastEpisodeTableViewCell.xib in Resources */,
			);
			runOnlyForDeploymentPostprocessing = 0;
		};
/* End PBXResourcesBuildPhase section */

/* Begin PBXSourcesBuildPhase section */
		6E73F8C62A974B1300DCAC44 /* Sources */ = {
			isa = PBXSourcesBuildPhase;
			buildActionMask = 2147483647;
			files = (
				6E73F8D22A974B1300DCAC44 /* ViewController.swift in Sources */,
				6EE60AD42A9C8CE9006C9DAE /* Episode.swift in Sources */,
				6E65F51D2AA09DBF00E9A159 /* EpisodePlayerView.swift in Sources */,
				6EE60AC12A988A19006C9DAE /* SearchResult.swift in Sources */,
				6EE60ACC2A989B1A006C9DAE /* PodcastSearchTableViewCell.swift in Sources */,
				6E73F8CE2A974B1300DCAC44 /* AppDelegate.swift in Sources */,
				6EE60AC72A9891FE006C9DAE /* APIManager.swift in Sources */,
				6E65F54C2AA1F9C100E9A159 /* FollowingCollectionViewController.swift in Sources */,
				6E61DF2E2A97AB07008205D0 /* Podcast.swift in Sources */,
				6E61DF2B2A97A824008205D0 /* SearchTableViewController.swift in Sources */,
				6EED34232A9D36CD00000212 /* PodcastEpisodeTableViewCell.swift in Sources */,
				6E61DF292A979BFC008205D0 /* MainTabBarController.swift in Sources */,
				6E73F8D02A974B1300DCAC44 /* SceneDelegate.swift in Sources */,
				6E65F5482AA139C000E9A159 /* CMTime+Extensions.swift in Sources */,
				6EE60AC52A989149006C9DAE /* iTunesService.swift in Sources */,
				6EE60AD22A9C8B9C006C9DAE /* PodcastEpisodesTableViewController.swift in Sources */,
				6E65F4BA2A9E801B00E9A159 /* PodcastTableHeaderView.swift in Sources */,
			);
			runOnlyForDeploymentPostprocessing = 0;
		};
/* End PBXSourcesBuildPhase section */

/* Begin PBXVariantGroup section */
		6E73F8D32A974B1300DCAC44 /* Main.storyboard */ = {
			isa = PBXVariantGroup;
			children = (
				6E73F8D42A974B1300DCAC44 /* Base */,
			);
			name = Main.storyboard;
			sourceTree = "<group>";
		};
		6E73F8D82A974B1400DCAC44 /* LaunchScreen.storyboard */ = {
			isa = PBXVariantGroup;
			children = (
				6E73F8D92A974B1400DCAC44 /* Base */,
			);
			name = LaunchScreen.storyboard;
			sourceTree = "<group>";
		};
/* End PBXVariantGroup section */

/* Begin XCBuildConfiguration section */
		6E73F8DC2A974B1400DCAC44 /* Debug */ = {
			isa = XCBuildConfiguration;
			buildSettings = {
				ALWAYS_SEARCH_USER_PATHS = NO;
				CLANG_ANALYZER_NONNULL = YES;
				CLANG_ANALYZER_NUMBER_OBJECT_CONVERSION = YES_AGGRESSIVE;
				CLANG_CXX_LANGUAGE_STANDARD = "gnu++20";
				CLANG_ENABLE_MODULES = YES;
				CLANG_ENABLE_OBJC_ARC = YES;
				CLANG_ENABLE_OBJC_WEAK = YES;
				CLANG_WARN_BLOCK_CAPTURE_AUTORELEASING = YES;
				CLANG_WARN_BOOL_CONVERSION = YES;
				CLANG_WARN_COMMA = YES;
				CLANG_WARN_CONSTANT_CONVERSION = YES;
				CLANG_WARN_DEPRECATED_OBJC_IMPLEMENTATIONS = YES;
				CLANG_WARN_DIRECT_OBJC_ISA_USAGE = YES_ERROR;
				CLANG_WARN_DOCUMENTATION_COMMENTS = YES;
				CLANG_WARN_EMPTY_BODY = YES;
				CLANG_WARN_ENUM_CONVERSION = YES;
				CLANG_WARN_INFINITE_RECURSION = YES;
				CLANG_WARN_INT_CONVERSION = YES;
				CLANG_WARN_NON_LITERAL_NULL_CONVERSION = YES;
				CLANG_WARN_OBJC_IMPLICIT_RETAIN_SELF = YES;
				CLANG_WARN_OBJC_LITERAL_CONVERSION = YES;
				CLANG_WARN_OBJC_ROOT_CLASS = YES_ERROR;
				CLANG_WARN_QUOTED_INCLUDE_IN_FRAMEWORK_HEADER = YES;
				CLANG_WARN_RANGE_LOOP_ANALYSIS = YES;
				CLANG_WARN_STRICT_PROTOTYPES = YES;
				CLANG_WARN_SUSPICIOUS_MOVE = YES;
				CLANG_WARN_UNGUARDED_AVAILABILITY = YES_AGGRESSIVE;
				CLANG_WARN_UNREACHABLE_CODE = YES;
				CLANG_WARN__DUPLICATE_METHOD_MATCH = YES;
				COPY_PHASE_STRIP = NO;
				DEBUG_INFORMATION_FORMAT = dwarf;
				ENABLE_STRICT_OBJC_MSGSEND = YES;
				ENABLE_TESTABILITY = YES;
				GCC_C_LANGUAGE_STANDARD = gnu11;
				GCC_DYNAMIC_NO_PIC = NO;
				GCC_NO_COMMON_BLOCKS = YES;
				GCC_OPTIMIZATION_LEVEL = 0;
				GCC_PREPROCESSOR_DEFINITIONS = (
					"DEBUG=1",
					"$(inherited)",
				);
				GCC_WARN_64_TO_32_BIT_CONVERSION = YES;
				GCC_WARN_ABOUT_RETURN_TYPE = YES_ERROR;
				GCC_WARN_UNDECLARED_SELECTOR = YES;
				GCC_WARN_UNINITIALIZED_AUTOS = YES_AGGRESSIVE;
				GCC_WARN_UNUSED_FUNCTION = YES;
				GCC_WARN_UNUSED_VARIABLE = YES;
				IPHONEOS_DEPLOYMENT_TARGET = 16.4;
				MTL_ENABLE_DEBUG_INFO = INCLUDE_SOURCE;
				MTL_FAST_MATH = YES;
				ONLY_ACTIVE_ARCH = YES;
				SDKROOT = iphoneos;
				SWIFT_ACTIVE_COMPILATION_CONDITIONS = DEBUG;
				SWIFT_OPTIMIZATION_LEVEL = "-Onone";
			};
			name = Debug;
		};
		6E73F8DD2A974B1400DCAC44 /* Release */ = {
			isa = XCBuildConfiguration;
			buildSettings = {
				ALWAYS_SEARCH_USER_PATHS = NO;
				CLANG_ANALYZER_NONNULL = YES;
				CLANG_ANALYZER_NUMBER_OBJECT_CONVERSION = YES_AGGRESSIVE;
				CLANG_CXX_LANGUAGE_STANDARD = "gnu++20";
				CLANG_ENABLE_MODULES = YES;
				CLANG_ENABLE_OBJC_ARC = YES;
				CLANG_ENABLE_OBJC_WEAK = YES;
				CLANG_WARN_BLOCK_CAPTURE_AUTORELEASING = YES;
				CLANG_WARN_BOOL_CONVERSION = YES;
				CLANG_WARN_COMMA = YES;
				CLANG_WARN_CONSTANT_CONVERSION = YES;
				CLANG_WARN_DEPRECATED_OBJC_IMPLEMENTATIONS = YES;
				CLANG_WARN_DIRECT_OBJC_ISA_USAGE = YES_ERROR;
				CLANG_WARN_DOCUMENTATION_COMMENTS = YES;
				CLANG_WARN_EMPTY_BODY = YES;
				CLANG_WARN_ENUM_CONVERSION = YES;
				CLANG_WARN_INFINITE_RECURSION = YES;
				CLANG_WARN_INT_CONVERSION = YES;
				CLANG_WARN_NON_LITERAL_NULL_CONVERSION = YES;
				CLANG_WARN_OBJC_IMPLICIT_RETAIN_SELF = YES;
				CLANG_WARN_OBJC_LITERAL_CONVERSION = YES;
				CLANG_WARN_OBJC_ROOT_CLASS = YES_ERROR;
				CLANG_WARN_QUOTED_INCLUDE_IN_FRAMEWORK_HEADER = YES;
				CLANG_WARN_RANGE_LOOP_ANALYSIS = YES;
				CLANG_WARN_STRICT_PROTOTYPES = YES;
				CLANG_WARN_SUSPICIOUS_MOVE = YES;
				CLANG_WARN_UNGUARDED_AVAILABILITY = YES_AGGRESSIVE;
				CLANG_WARN_UNREACHABLE_CODE = YES;
				CLANG_WARN__DUPLICATE_METHOD_MATCH = YES;
				COPY_PHASE_STRIP = NO;
				DEBUG_INFORMATION_FORMAT = "dwarf-with-dsym";
				ENABLE_NS_ASSERTIONS = NO;
				ENABLE_STRICT_OBJC_MSGSEND = YES;
				GCC_C_LANGUAGE_STANDARD = gnu11;
				GCC_NO_COMMON_BLOCKS = YES;
				GCC_WARN_64_TO_32_BIT_CONVERSION = YES;
				GCC_WARN_ABOUT_RETURN_TYPE = YES_ERROR;
				GCC_WARN_UNDECLARED_SELECTOR = YES;
				GCC_WARN_UNINITIALIZED_AUTOS = YES_AGGRESSIVE;
				GCC_WARN_UNUSED_FUNCTION = YES;
				GCC_WARN_UNUSED_VARIABLE = YES;
				IPHONEOS_DEPLOYMENT_TARGET = 16.4;
				MTL_ENABLE_DEBUG_INFO = NO;
				MTL_FAST_MATH = YES;
				SDKROOT = iphoneos;
				SWIFT_COMPILATION_MODE = wholemodule;
				SWIFT_OPTIMIZATION_LEVEL = "-O";
				VALIDATE_PRODUCT = YES;
			};
			name = Release;
		};
		6E73F8DF2A974B1400DCAC44 /* Debug */ = {
			isa = XCBuildConfiguration;
			buildSettings = {
				ASSETCATALOG_COMPILER_APPICON_NAME = AppIcon;
				ASSETCATALOG_COMPILER_GLOBAL_ACCENT_COLOR_NAME = AccentColor;
				CODE_SIGN_STYLE = Automatic;
				CURRENT_PROJECT_VERSION = 1;
				DEVELOPMENT_TEAM = K3WRS2Q255;
				GENERATE_INFOPLIST_FILE = YES;
				INFOPLIST_FILE = Polymath/Info.plist;
				INFOPLIST_KEY_CFBundleDisplayName = Polymath;
				INFOPLIST_KEY_LSApplicationCategoryType = "public.app-category.entertainment";
				INFOPLIST_KEY_UIApplicationSupportsIndirectInputEvents = YES;
				INFOPLIST_KEY_UILaunchStoryboardName = LaunchScreen;
				INFOPLIST_KEY_UIMainStoryboardFile = Main;
				INFOPLIST_KEY_UISupportedInterfaceOrientations = UIInterfaceOrientationPortrait;
				INFOPLIST_KEY_UISupportedInterfaceOrientations_iPad = "UIInterfaceOrientationLandscapeLeft UIInterfaceOrientationLandscapeRight UIInterfaceOrientationPortrait UIInterfaceOrientationPortraitUpsideDown";
				LD_RUNPATH_SEARCH_PATHS = (
					"$(inherited)",
					"@executable_path/Frameworks",
				);
				MARKETING_VERSION = 1.0;
				PRODUCT_BUNDLE_IDENTIFIER = com.bahertamer.Polymath;
				PRODUCT_NAME = "$(TARGET_NAME)";
				SUPPORTED_PLATFORMS = "iphoneos iphonesimulator";
				SUPPORTS_MACCATALYST = NO;
				SUPPORTS_MAC_DESIGNED_FOR_IPHONE_IPAD = NO;
				SWIFT_EMIT_LOC_STRINGS = YES;
				SWIFT_VERSION = 5.0;
				TARGETED_DEVICE_FAMILY = 1;
			};
			name = Debug;
		};
		6E73F8E02A974B1400DCAC44 /* Release */ = {
			isa = XCBuildConfiguration;
			buildSettings = {
				ASSETCATALOG_COMPILER_APPICON_NAME = AppIcon;
				ASSETCATALOG_COMPILER_GLOBAL_ACCENT_COLOR_NAME = AccentColor;
				CODE_SIGN_STYLE = Automatic;
				CURRENT_PROJECT_VERSION = 1;
				DEVELOPMENT_TEAM = K3WRS2Q255;
				GENERATE_INFOPLIST_FILE = YES;
				INFOPLIST_FILE = Polymath/Info.plist;
				INFOPLIST_KEY_CFBundleDisplayName = Polymath;
				INFOPLIST_KEY_LSApplicationCategoryType = "public.app-category.entertainment";
				INFOPLIST_KEY_UIApplicationSupportsIndirectInputEvents = YES;
				INFOPLIST_KEY_UILaunchStoryboardName = LaunchScreen;
				INFOPLIST_KEY_UIMainStoryboardFile = Main;
				INFOPLIST_KEY_UISupportedInterfaceOrientations = UIInterfaceOrientationPortrait;
				INFOPLIST_KEY_UISupportedInterfaceOrientations_iPad = "UIInterfaceOrientationLandscapeLeft UIInterfaceOrientationLandscapeRight UIInterfaceOrientationPortrait UIInterfaceOrientationPortraitUpsideDown";
				LD_RUNPATH_SEARCH_PATHS = (
					"$(inherited)",
					"@executable_path/Frameworks",
				);
				MARKETING_VERSION = 1.0;
				PRODUCT_BUNDLE_IDENTIFIER = com.bahertamer.Polymath;
				PRODUCT_NAME = "$(TARGET_NAME)";
				SUPPORTED_PLATFORMS = "iphoneos iphonesimulator";
				SUPPORTS_MACCATALYST = NO;
				SUPPORTS_MAC_DESIGNED_FOR_IPHONE_IPAD = NO;
				SWIFT_EMIT_LOC_STRINGS = YES;
				SWIFT_VERSION = 5.0;
				TARGETED_DEVICE_FAMILY = 1;
			};
			name = Release;
		};
/* End XCBuildConfiguration section */

/* Begin XCConfigurationList section */
		6E73F8C52A974B1300DCAC44 /* Build configuration list for PBXProject "Polymath" */ = {
			isa = XCConfigurationList;
			buildConfigurations = (
				6E73F8DC2A974B1400DCAC44 /* Debug */,
				6E73F8DD2A974B1400DCAC44 /* Release */,
			);
			defaultConfigurationIsVisible = 0;
			defaultConfigurationName = Release;
		};
		6E73F8DE2A974B1400DCAC44 /* Build configuration list for PBXNativeTarget "Polymath" */ = {
			isa = XCConfigurationList;
			buildConfigurations = (
				6E73F8DF2A974B1400DCAC44 /* Debug */,
				6E73F8E02A974B1400DCAC44 /* Release */,
			);
			defaultConfigurationIsVisible = 0;
			defaultConfigurationName = Release;
		};
/* End XCConfigurationList section */

/* Begin XCRemoteSwiftPackageReference section */
		6EE60ABD2A97C876006C9DAE /* XCRemoteSwiftPackageReference "Alamofire" */ = {
			isa = XCRemoteSwiftPackageReference;
			repositoryURL = "https://github.com/Alamofire/Alamofire.git";
			requirement = {
				kind = upToNextMajorVersion;
				minimumVersion = 5.0.0;
			};
		};
		6EE60ACE2A9B9F28006C9DAE /* XCRemoteSwiftPackageReference "SDWebImage" */ = {
			isa = XCRemoteSwiftPackageReference;
			repositoryURL = "https://github.com/SDWebImage/SDWebImage.git";
			requirement = {
				kind = upToNextMajorVersion;
				minimumVersion = 5.0.0;
			};
		};
		6EED341D2A9D298500000212 /* XCRemoteSwiftPackageReference "FeedKit" */ = {
			isa = XCRemoteSwiftPackageReference;
			repositoryURL = "https://github.com/nmdias/FeedKit.git";
			requirement = {
				kind = upToNextMajorVersion;
				minimumVersion = 9.0.0;
			};
		};
/* End XCRemoteSwiftPackageReference section */

/* Begin XCSwiftPackageProductDependency section */
		6EE60ABE2A97C876006C9DAE /* Alamofire */ = {
			isa = XCSwiftPackageProductDependency;
			package = 6EE60ABD2A97C876006C9DAE /* XCRemoteSwiftPackageReference "Alamofire" */;
			productName = Alamofire;
		};
		6EE60ACF2A9B9F28006C9DAE /* SDWebImage */ = {
			isa = XCSwiftPackageProductDependency;
			package = 6EE60ACE2A9B9F28006C9DAE /* XCRemoteSwiftPackageReference "SDWebImage" */;
			productName = SDWebImage;
		};
		6EED341E2A9D298500000212 /* FeedKit */ = {
			isa = XCSwiftPackageProductDependency;
			package = 6EED341D2A9D298500000212 /* XCRemoteSwiftPackageReference "FeedKit" */;
			productName = FeedKit;
		};
/* End XCSwiftPackageProductDependency section */
	};
	rootObject = 6E73F8C22A974B1300DCAC44 /* Project object */;
}
